// !$*UTF8*$!
{
	archiveVersion = 1;
	classes = {
	};
	objectVersion = 56;
	objects = {

/* Begin PBXBuildFile section */
		70237E082B15DDB0009973C2 /* FMDatabaseAdditions.m in Sources */ = {isa = PBXBuildFile; fileRef = 70237DFD2B15DDAE009973C2 /* FMDatabaseAdditions.m */; };
		70237E092B15DDB0009973C2 /* FMDatabaseQueue.m in Sources */ = {isa = PBXBuildFile; fileRef = 70237E012B15DDAF009973C2 /* FMDatabaseQueue.m */; };
		70237E0A2B15DDB0009973C2 /* FMDatabasePool.m in Sources */ = {isa = PBXBuildFile; fileRef = 70237E032B15DDAF009973C2 /* FMDatabasePool.m */; };
		70237E0B2B15DDB0009973C2 /* FMResultSet.m in Sources */ = {isa = PBXBuildFile; fileRef = 70237E052B15DDAF009973C2 /* FMResultSet.m */; };
		70237E0C2B15DDB0009973C2 /* FMDatabase.m in Sources */ = {isa = PBXBuildFile; fileRef = 70237E072B15DDB0009973C2 /* FMDatabase.m */; };
		70237E0E2B15DE05009973C2 /* filmler_app.sqlite in Resources */ = {isa = PBXBuildFile; fileRef = 70237E0D2B15DE05009973C2 /* filmler_app.sqlite */; };
		70A5D4BA2AEBC7E600B8A852 /* AppDelegate.swift in Sources */ = {isa = PBXBuildFile; fileRef = 70A5D4B92AEBC7E600B8A852 /* AppDelegate.swift */; };
		70A5D4BC2AEBC7E600B8A852 /* SceneDelegate.swift in Sources */ = {isa = PBXBuildFile; fileRef = 70A5D4BB2AEBC7E600B8A852 /* SceneDelegate.swift */; };
		70A5D4BE2AEBC7E600B8A852 /* Anasayfa.swift in Sources */ = {isa = PBXBuildFile; fileRef = 70A5D4BD2AEBC7E600B8A852 /* Anasayfa.swift */; };
		70A5D4C12AEBC7E600B8A852 /* Main.storyboard in Resources */ = {isa = PBXBuildFile; fileRef = 70A5D4BF2AEBC7E600B8A852 /* Main.storyboard */; };
		70A5D4C32AEBC7E800B8A852 /* Assets.xcassets in Resources */ = {isa = PBXBuildFile; fileRef = 70A5D4C22AEBC7E800B8A852 /* Assets.xcassets */; };
		70A5D4C62AEBC7E800B8A852 /* LaunchScreen.storyboard in Resources */ = {isa = PBXBuildFile; fileRef = 70A5D4C42AEBC7E800B8A852 /* LaunchScreen.storyboard */; };
		70A5D4D32AEBCC7B00B8A852 /* Filmler.swift in Sources */ = {isa = PBXBuildFile; fileRef = 70A5D4D22AEBCC7B00B8A852 /* Filmler.swift */; };
		70A5D4D52AEBCD4900B8A852 /* DetaySayfa.swift in Sources */ = {isa = PBXBuildFile; fileRef = 70A5D4D42AEBCD4900B8A852 /* DetaySayfa.swift */; };
		70A5D4D72AEBD42600B8A852 /* FilmlerHucre.swift in Sources */ = {isa = PBXBuildFile; fileRef = 70A5D4D62AEBD42600B8A852 /* FilmlerHucre.swift */; };
		70AF29872AF7849400FF9806 /* RxSwift in Frameworks */ = {isa = PBXBuildFile; productRef = 70AF29862AF7849400FF9806 /* RxSwift */; };
		70AF298A2AF784C100FF9806 /* FilmlerDaoRepository.swift in Sources */ = {isa = PBXBuildFile; fileRef = 70AF29892AF784C100FF9806 /* FilmlerDaoRepository.swift */; };
		70AF298D2AF7850000FF9806 /* AnasayfaViewModel.swift in Sources */ = {isa = PBXBuildFile; fileRef = 70AF298C2AF7850000FF9806 /* AnasayfaViewModel.swift */; };
/* End PBXBuildFile section */

/* Begin PBXFileReference section */
		70237DFB2B15DD6E009973C2 /* libsqlite3.tbd */ = {isa = PBXFileReference; lastKnownFileType = "sourcecode.text-based-dylib-definition"; name = libsqlite3.tbd; path = usr/lib/libsqlite3.tbd; sourceTree = SDKROOT; };
		70237DFC2B15DDAE009973C2 /* FilmlerApp-Bridging-Header.h */ = {isa = PBXFileReference; lastKnownFileType = sourcecode.c.h; path = "FilmlerApp-Bridging-Header.h"; sourceTree = "<group>"; };
		70237DFD2B15DDAE009973C2 /* FMDatabaseAdditions.m */ = {isa = PBXFileReference; fileEncoding = 4; lastKnownFileType = sourcecode.c.objc; path = FMDatabaseAdditions.m; sourceTree = "<group>"; };
		70237DFE2B15DDAE009973C2 /* FMDatabaseQueue.h */ = {isa = PBXFileReference; fileEncoding = 4; lastKnownFileType = sourcecode.c.h; path = FMDatabaseQueue.h; sourceTree = "<group>"; };
		70237DFF2B15DDAF009973C2 /* FMResultSet.h */ = {isa = PBXFileReference; fileEncoding = 4; lastKnownFileType = sourcecode.c.h; path = FMResultSet.h; sourceTree = "<group>"; };
		70237E002B15DDAF009973C2 /* FMDatabasePool.h */ = {isa = PBXFileReference; fileEncoding = 4; lastKnownFileType = sourcecode.c.h; path = FMDatabasePool.h; sourceTree = "<group>"; };
		70237E012B15DDAF009973C2 /* FMDatabaseQueue.m */ = {isa = PBXFileReference; fileEncoding = 4; lastKnownFileType = sourcecode.c.objc; path = FMDatabaseQueue.m; sourceTree = "<group>"; };
		70237E022B15DDAF009973C2 /* FMDB.h */ = {isa = PBXFileReference; fileEncoding = 4; lastKnownFileType = sourcecode.c.h; path = FMDB.h; sourceTree = "<group>"; };
		70237E032B15DDAF009973C2 /* FMDatabasePool.m */ = {isa = PBXFileReference; fileEncoding = 4; lastKnownFileType = sourcecode.c.objc; path = FMDatabasePool.m; sourceTree = "<group>"; };
		70237E042B15DDAF009973C2 /* FMDatabase.h */ = {isa = PBXFileReference; fileEncoding = 4; lastKnownFileType = sourcecode.c.h; path = FMDatabase.h; sourceTree = "<group>"; };
		70237E052B15DDAF009973C2 /* FMResultSet.m */ = {isa = PBXFileReference; fileEncoding = 4; lastKnownFileType = sourcecode.c.objc; path = FMResultSet.m; sourceTree = "<group>"; };
		70237E062B15DDB0009973C2 /* FMDatabaseAdditions.h */ = {isa = PBXFileReference; fileEncoding = 4; lastKnownFileType = sourcecode.c.h; path = FMDatabaseAdditions.h; sourceTree = "<group>"; };
		70237E072B15DDB0009973C2 /* FMDatabase.m */ = {isa = PBXFileReference; fileEncoding = 4; lastKnownFileType = sourcecode.c.objc; path = FMDatabase.m; sourceTree = "<group>"; };
		70237E0D2B15DE05009973C2 /* filmler_app.sqlite */ = {isa = PBXFileReference; lastKnownFileType = file; path = filmler_app.sqlite; sourceTree = "<group>"; };
		70A5D4B62AEBC7E600B8A852 /* FilmlerApp.app */ = {isa = PBXFileReference; explicitFileType = wrapper.application; includeInIndex = 0; path = FilmlerApp.app; sourceTree = BUILT_PRODUCTS_DIR; };
		70A5D4B92AEBC7E600B8A852 /* AppDelegate.swift */ = {isa = PBXFileReference; lastKnownFileType = sourcecode.swift; path = AppDelegate.swift; sourceTree = "<group>"; };
		70A5D4BB2AEBC7E600B8A852 /* SceneDelegate.swift */ = {isa = PBXFileReference; lastKnownFileType = sourcecode.swift; path = SceneDelegate.swift; sourceTree = "<group>"; };
		70A5D4BD2AEBC7E600B8A852 /* Anasayfa.swift */ = {isa = PBXFileReference; lastKnownFileType = sourcecode.swift; path = Anasayfa.swift; sourceTree = "<group>"; };
		70A5D4C02AEBC7E600B8A852 /* Base */ = {isa = PBXFileReference; lastKnownFileType = file.storyboard; name = Base; path = Base.lproj/Main.storyboard; sourceTree = "<group>"; };
		70A5D4C22AEBC7E800B8A852 /* Assets.xcassets */ = {isa = PBXFileReference; lastKnownFileType = folder.assetcatalog; path = Assets.xcassets; sourceTree = "<group>"; };
		70A5D4C52AEBC7E800B8A852 /* Base */ = {isa = PBXFileReference; lastKnownFileType = file.storyboard; name = Base; path = Base.lproj/LaunchScreen.storyboard; sourceTree = "<group>"; };
		70A5D4C72AEBC7E800B8A852 /* Info.plist */ = {isa = PBXFileReference; lastKnownFileType = text.plist.xml; path = Info.plist; sourceTree = "<group>"; };
		70A5D4D22AEBCC7B00B8A852 /* Filmler.swift */ = {isa = PBXFileReference; lastKnownFileType = sourcecode.swift; path = Filmler.swift; sourceTree = "<group>"; };
		70A5D4D42AEBCD4900B8A852 /* DetaySayfa.swift */ = {isa = PBXFileReference; lastKnownFileType = sourcecode.swift; path = DetaySayfa.swift; sourceTree = "<group>"; };
		70A5D4D62AEBD42600B8A852 /* FilmlerHucre.swift */ = {isa = PBXFileReference; lastKnownFileType = sourcecode.swift; path = FilmlerHucre.swift; sourceTree = "<group>"; };
		70AF29892AF784C100FF9806 /* FilmlerDaoRepository.swift */ = {isa = PBXFileReference; lastKnownFileType = sourcecode.swift; path = FilmlerDaoRepository.swift; sourceTree = "<group>"; };
		70AF298C2AF7850000FF9806 /* AnasayfaViewModel.swift */ = {isa = PBXFileReference; lastKnownFileType = sourcecode.swift; path = AnasayfaViewModel.swift; sourceTree = "<group>"; };
/* End PBXFileReference section */

/* Begin PBXFrameworksBuildPhase section */
		70A5D4B32AEBC7E600B8A852 /* Frameworks */ = {
			isa = PBXFrameworksBuildPhase;
			buildActionMask = 2147483647;
			files = (
				70AF29872AF7849400FF9806 /* RxSwift in Frameworks */,
			);
			runOnlyForDeploymentPostprocessing = 0;
		};
/* End PBXFrameworksBuildPhase section */

/* Begin PBXGroup section */
		70237DFA2B15DD6E009973C2 /* Frameworks */ = {
			isa = PBXGroup;
			children = (
				70237DFB2B15DD6E009973C2 /* libsqlite3.tbd */,
			);
			name = Frameworks;
			sourceTree = "<group>";
		};
		70A5D4AD2AEBC7E600B8A852 = {
			isa = PBXGroup;
			children = (
				70A5D4B82AEBC7E600B8A852 /* FilmlerApp */,
				70A5D4B72AEBC7E600B8A852 /* Products */,
				70237DFA2B15DD6E009973C2 /* Frameworks */,
			);
			sourceTree = "<group>";
		};
		70A5D4B72AEBC7E600B8A852 /* Products */ = {
			isa = PBXGroup;
			children = (
				70A5D4B62AEBC7E600B8A852 /* FilmlerApp.app */,
			);
			name = Products;
			sourceTree = "<group>";
		};
		70A5D4B82AEBC7E600B8A852 /* FilmlerApp */ = {
			isa = PBXGroup;
			children = (
				70A5D4B92AEBC7E600B8A852 /* AppDelegate.swift */,
				70A5D4BB2AEBC7E600B8A852 /* SceneDelegate.swift */,
				70A5D4CE2AEBC93600B8A852 /* ui */,
				70A5D4CD2AEBC92F00B8A852 /* data */,
				70A5D4BF2AEBC7E600B8A852 /* Main.storyboard */,
				70A5D4C22AEBC7E800B8A852 /* Assets.xcassets */,
				70A5D4C42AEBC7E800B8A852 /* LaunchScreen.storyboard */,
				70A5D4C72AEBC7E800B8A852 /* Info.plist */,
				70237E042B15DDAF009973C2 /* FMDatabase.h */,
				70237E072B15DDB0009973C2 /* FMDatabase.m */,
				70237E062B15DDB0009973C2 /* FMDatabaseAdditions.h */,
				70237DFD2B15DDAE009973C2 /* FMDatabaseAdditions.m */,
				70237E002B15DDAF009973C2 /* FMDatabasePool.h */,
				70237E032B15DDAF009973C2 /* FMDatabasePool.m */,
				70237DFE2B15DDAE009973C2 /* FMDatabaseQueue.h */,
				70237E012B15DDAF009973C2 /* FMDatabaseQueue.m */,
				70237E022B15DDAF009973C2 /* FMDB.h */,
				70237DFF2B15DDAF009973C2 /* FMResultSet.h */,
				70237E052B15DDAF009973C2 /* FMResultSet.m */,
				70237DFC2B15DDAE009973C2 /* FilmlerApp-Bridging-Header.h */,
				70237E0D2B15DE05009973C2 /* filmler_app.sqlite */,
			);
			path = FilmlerApp;
			sourceTree = "<group>";
		};
		70A5D4CD2AEBC92F00B8A852 /* data */ = {
			isa = PBXGroup;
			children = (
				70AF29882AF784AB00FF9806 /* repo */,
				70A5D4D02AEBC97600B8A852 /* entity */,
			);
			path = data;
			sourceTree = "<group>";
		};
		70A5D4CE2AEBC93600B8A852 /* ui */ = {
			isa = PBXGroup;
			children = (
				70AF298B2AF784E400FF9806 /* viewmodel */,
				70A5D4D12AEBC99500B8A852 /* tableview */,
				70A5D4CF2AEBC94C00B8A852 /* views */,
			);
			path = ui;
			sourceTree = "<group>";
		};
		70A5D4CF2AEBC94C00B8A852 /* views */ = {
			isa = PBXGroup;
			children = (
				70A5D4BD2AEBC7E600B8A852 /* Anasayfa.swift */,
				70A5D4D42AEBCD4900B8A852 /* DetaySayfa.swift */,
			);
			path = views;
			sourceTree = "<group>";
		};
		70A5D4D02AEBC97600B8A852 /* entity */ = {
			isa = PBXGroup;
			children = (
				70A5D4D22AEBCC7B00B8A852 /* Filmler.swift */,
			);
			path = entity;
			sourceTree = "<group>";
		};
		70A5D4D12AEBC99500B8A852 /* tableview */ = {
			isa = PBXGroup;
			children = (
				70A5D4D62AEBD42600B8A852 /* FilmlerHucre.swift */,
			);
			path = tableview;
			sourceTree = "<group>";
		};
		70AF29882AF784AB00FF9806 /* repo */ = {
			isa = PBXGroup;
			children = (
				70AF29892AF784C100FF9806 /* FilmlerDaoRepository.swift */,
			);
			path = repo;
			sourceTree = "<group>";
		};
		70AF298B2AF784E400FF9806 /* viewmodel */ = {
			isa = PBXGroup;
			children = (
				70AF298C2AF7850000FF9806 /* AnasayfaViewModel.swift */,
			);
			path = viewmodel;
			sourceTree = "<group>";
		};
/* End PBXGroup section */

/* Begin PBXNativeTarget section */
		70A5D4B52AEBC7E600B8A852 /* FilmlerApp */ = {
			isa = PBXNativeTarget;
			buildConfigurationList = 70A5D4CA2AEBC7E800B8A852 /* Build configuration list for PBXNativeTarget "FilmlerApp" */;
			buildPhases = (
				70A5D4B22AEBC7E600B8A852 /* Sources */,
				70A5D4B32AEBC7E600B8A852 /* Frameworks */,
				70A5D4B42AEBC7E600B8A852 /* Resources */,
			);
			buildRules = (
			);
			dependencies = (
			);
			name = FilmlerApp;
			packageProductDependencies = (
				70AF29862AF7849400FF9806 /* RxSwift */,
			);
			productName = FilmlerApp;
			productReference = 70A5D4B62AEBC7E600B8A852 /* FilmlerApp.app */;
			productType = "com.apple.product-type.application";
		};
/* End PBXNativeTarget section */

/* Begin PBXProject section */
		70A5D4AE2AEBC7E600B8A852 /* Project object */ = {
			isa = PBXProject;
			attributes = {
				BuildIndependentTargetsInParallel = 1;
				LastSwiftUpdateCheck = 1430;
				LastUpgradeCheck = 1430;
				TargetAttributes = {
					70A5D4B52AEBC7E600B8A852 = {
						CreatedOnToolsVersion = 14.3.1;
						LastSwiftMigration = 1430;
					};
				};
			};
			buildConfigurationList = 70A5D4B12AEBC7E600B8A852 /* Build configuration list for PBXProject "FilmlerApp" */;
			compatibilityVersion = "Xcode 14.0";
			developmentRegion = en;
			hasScannedForEncodings = 0;
			knownRegions = (
				en,
				Base,
			);
			mainGroup = 70A5D4AD2AEBC7E600B8A852;
			packageReferences = (
				70AF29852AF7849400FF9806 /* XCRemoteSwiftPackageReference "RxSwift" */,
			);
			productRefGroup = 70A5D4B72AEBC7E600B8A852 /* Products */;
			projectDirPath = "";
			projectRoot = "";
			targets = (
				70A5D4B52AEBC7E600B8A852 /* FilmlerApp */,
			);
		};
/* End PBXProject section */

/* Begin PBXResourcesBuildPhase section */
		70A5D4B42AEBC7E600B8A852 /* Resources */ = {
			isa = PBXResourcesBuildPhase;
			buildActionMask = 2147483647;
			files = (
				70A5D4C62AEBC7E800B8A852 /* LaunchScreen.storyboard in Resources */,
				70237E0E2B15DE05009973C2 /* filmler_app.sqlite in Resources */,
				70A5D4C32AEBC7E800B8A852 /* Assets.xcassets in Resources */,
				70A5D4C12AEBC7E600B8A852 /* Main.storyboard in Resources */,
			);
			runOnlyForDeploymentPostprocessing = 0;
		};
/* End PBXResourcesBuildPhase section */

/* Begin PBXSourcesBuildPhase section */
		70A5D4B22AEBC7E600B8A852 /* Sources */ = {
			isa = PBXSourcesBuildPhase;
			buildActionMask = 2147483647;
			files = (
				70A5D4BE2AEBC7E600B8A852 /* Anasayfa.swift in Sources */,
				70A5D4BA2AEBC7E600B8A852 /* AppDelegate.swift in Sources */,
				70237E0C2B15DDB0009973C2 /* FMDatabase.m in Sources */,
				70AF298D2AF7850000FF9806 /* AnasayfaViewModel.swift in Sources */,
				70A5D4BC2AEBC7E600B8A852 /* SceneDelegate.swift in Sources */,
				70A5D4D52AEBCD4900B8A852 /* DetaySayfa.swift in Sources */,
				70237E0A2B15DDB0009973C2 /* FMDatabasePool.m in Sources */,
				70237E0B2B15DDB0009973C2 /* FMResultSet.m in Sources */,
				70237E092B15DDB0009973C2 /* FMDatabaseQueue.m in Sources */,
				70237E082B15DDB0009973C2 /* FMDatabaseAdditions.m in Sources */,
				70A5D4D32AEBCC7B00B8A852 /* Filmler.swift in Sources */,
				70A5D4D72AEBD42600B8A852 /* FilmlerHucre.swift in Sources */,
				70AF298A2AF784C100FF9806 /* FilmlerDaoRepository.swift in Sources */,
			);
			runOnlyForDeploymentPostprocessing = 0;
		};
/* End PBXSourcesBuildPhase section */

/* Begin PBXVariantGroup section */
		70A5D4BF2AEBC7E600B8A852 /* Main.storyboard */ = {
			isa = PBXVariantGroup;
			children = (
				70A5D4C02AEBC7E600B8A852 /* Base */,
			);
			name = Main.storyboard;
			sourceTree = "<group>";
		};
		70A5D4C42AEBC7E800B8A852 /* LaunchScreen.storyboard */ = {
			isa = PBXVariantGroup;
			children = (
				70A5D4C52AEBC7E800B8A852 /* Base */,
			);
			name = LaunchScreen.storyboard;
			sourceTree = "<group>";
		};
/* End PBXVariantGroup section */

/* Begin XCBuildConfiguration section */
		70A5D4C82AEBC7E800B8A852 /* Debug */ = {
			isa = XCBuildConfiguration;
			buildSettings = {
				ALWAYS_SEARCH_USER_PATHS = NO;
				CLANG_ANALYZER_NONNULL = YES;
				CLANG_ANALYZER_NUMBER_OBJECT_CONVERSION = YES_AGGRESSIVE;
				CLANG_CXX_LANGUAGE_STANDARD = "gnu++20";
				CLANG_ENABLE_MODULES = YES;
				CLANG_ENABLE_OBJC_ARC = YES;
				CLANG_ENABLE_OBJC_WEAK = YES;
				CLANG_WARN_BLOCK_CAPTURE_AUTORELEASING = YES;
				CLANG_WARN_BOOL_CONVERSION = YES;
				CLANG_WARN_COMMA = YES;
				CLANG_WARN_CONSTANT_CONVERSION = YES;
				CLANG_WARN_DEPRECATED_OBJC_IMPLEMENTATIONS = YES;
				CLANG_WARN_DIRECT_OBJC_ISA_USAGE = YES_ERROR;
				CLANG_WARN_DOCUMENTATION_COMMENTS = YES;
				CLANG_WARN_EMPTY_BODY = YES;
				CLANG_WARN_ENUM_CONVERSION = YES;
				CLANG_WARN_INFINITE_RECURSION = YES;
				CLANG_WARN_INT_CONVERSION = YES;
				CLANG_WARN_NON_LITERAL_NULL_CONVERSION = YES;
				CLANG_WARN_OBJC_IMPLICIT_RETAIN_SELF = YES;
				CLANG_WARN_OBJC_LITERAL_CONVERSION = YES;
				CLANG_WARN_OBJC_ROOT_CLASS = YES_ERROR;
				CLANG_WARN_QUOTED_INCLUDE_IN_FRAMEWORK_HEADER = YES;
				CLANG_WARN_RANGE_LOOP_ANALYSIS = YES;
				CLANG_WARN_STRICT_PROTOTYPES = YES;
				CLANG_WARN_SUSPICIOUS_MOVE = YES;
				CLANG_WARN_UNGUARDED_AVAILABILITY = YES_AGGRESSIVE;
				CLANG_WARN_UNREACHABLE_CODE = YES;
				CLANG_WARN__DUPLICATE_METHOD_MATCH = YES;
				COPY_PHASE_STRIP = NO;
				DEBUG_INFORMATION_FORMAT = dwarf;
				ENABLE_STRICT_OBJC_MSGSEND = YES;
				ENABLE_TESTABILITY = YES;
				GCC_C_LANGUAGE_STANDARD = gnu11;
				GCC_DYNAMIC_NO_PIC = NO;
				GCC_NO_COMMON_BLOCKS = YES;
				GCC_OPTIMIZATION_LEVEL = 0;
				GCC_PREPROCESSOR_DEFINITIONS = (
					"DEBUG=1",
					"$(inherited)",
				);
				GCC_WARN_64_TO_32_BIT_CONVERSION = YES;
				GCC_WARN_ABOUT_RETURN_TYPE = YES_ERROR;
				GCC_WARN_UNDECLARED_SELECTOR = YES;
				GCC_WARN_UNINITIALIZED_AUTOS = YES_AGGRESSIVE;
				GCC_WARN_UNUSED_FUNCTION = YES;
				GCC_WARN_UNUSED_VARIABLE = YES;
				IPHONEOS_DEPLOYMENT_TARGET = 16.4;
				MTL_ENABLE_DEBUG_INFO = INCLUDE_SOURCE;
				MTL_FAST_MATH = YES;
				ONLY_ACTIVE_ARCH = YES;
				SDKROOT = iphoneos;
				SWIFT_ACTIVE_COMPILATION_CONDITIONS = DEBUG;
				SWIFT_OPTIMIZATION_LEVEL = "-Onone";
			};
			name = Debug;
		};
		70A5D4C92AEBC7E800B8A852 /* Release */ = {
			isa = XCBuildConfiguration;
			buildSettings = {
				ALWAYS_SEARCH_USER_PATHS = NO;
				CLANG_ANALYZER_NONNULL = YES;
				CLANG_ANALYZER_NUMBER_OBJECT_CONVERSION = YES_AGGRESSIVE;
				CLANG_CXX_LANGUAGE_STANDARD = "gnu++20";
				CLANG_ENABLE_MODULES = YES;
				CLANG_ENABLE_OBJC_ARC = YES;
				CLANG_ENABLE_OBJC_WEAK = YES;
				CLANG_WARN_BLOCK_CAPTURE_AUTORELEASING = YES;
				CLANG_WARN_BOOL_CONVERSION = YES;
				CLANG_WARN_COMMA = YES;
				CLANG_WARN_CONSTANT_CONVERSION = YES;
				CLANG_WARN_DEPRECATED_OBJC_IMPLEMENTATIONS = YES;
				CLANG_WARN_DIRECT_OBJC_ISA_USAGE = YES_ERROR;
				CLANG_WARN_DOCUMENTATION_COMMENTS = YES;
				CLANG_WARN_EMPTY_BODY = YES;
				CLANG_WARN_ENUM_CONVERSION = YES;
				CLANG_WARN_INFINITE_RECURSION = YES;
				CLANG_WARN_INT_CONVERSION = YES;
				CLANG_WARN_NON_LITERAL_NULL_CONVERSION = YES;
				CLANG_WARN_OBJC_IMPLICIT_RETAIN_SELF = YES;
				CLANG_WARN_OBJC_LITERAL_CONVERSION = YES;
				CLANG_WARN_OBJC_ROOT_CLASS = YES_ERROR;
				CLANG_WARN_QUOTED_INCLUDE_IN_FRAMEWORK_HEADER = YES;
				CLANG_WARN_RANGE_LOOP_ANALYSIS = YES;
				CLANG_WARN_STRICT_PROTOTYPES = YES;
				CLANG_WARN_SUSPICIOUS_MOVE = YES;
				CLANG_WARN_UNGUARDED_AVAILABILITY = YES_AGGRESSIVE;
				CLANG_WARN_UNREACHABLE_CODE = YES;
				CLANG_WARN__DUPLICATE_METHOD_MATCH = YES;
				COPY_PHASE_STRIP = NO;
				DEBUG_INFORMATION_FORMAT = "dwarf-with-dsym";
				ENABLE_NS_ASSERTIONS = NO;
				ENABLE_STRICT_OBJC_MSGSEND = YES;
				GCC_C_LANGUAGE_STANDARD = gnu11;
				GCC_NO_COMMON_BLOCKS = YES;
				GCC_WARN_64_TO_32_BIT_CONVERSION = YES;
				GCC_WARN_ABOUT_RETURN_TYPE = YES_ERROR;
				GCC_WARN_UNDECLARED_SELECTOR = YES;
				GCC_WARN_UNINITIALIZED_AUTOS = YES_AGGRESSIVE;
				GCC_WARN_UNUSED_FUNCTION = YES;
				GCC_WARN_UNUSED_VARIABLE = YES;
				IPHONEOS_DEPLOYMENT_TARGET = 16.4;
				MTL_ENABLE_DEBUG_INFO = NO;
				MTL_FAST_MATH = YES;
				SDKROOT = iphoneos;
				SWIFT_COMPILATION_MODE = wholemodule;
				SWIFT_OPTIMIZATION_LEVEL = "-O";
				VALIDATE_PRODUCT = YES;
			};
			name = Release;
		};
		70A5D4CB2AEBC7E800B8A852 /* Debug */ = {
			isa = XCBuildConfiguration;
			buildSettings = {
				ASSETCATALOG_COMPILER_APPICON_NAME = AppIcon;
				ASSETCATALOG_COMPILER_GLOBAL_ACCENT_COLOR_NAME = AccentColor;
				CLANG_ENABLE_MODULES = YES;
				CODE_SIGN_STYLE = Automatic;
				CURRENT_PROJECT_VERSION = 1;
				DEVELOPMENT_TEAM = 5GVJ758853;
				GENERATE_INFOPLIST_FILE = YES;
				INFOPLIST_FILE = FilmlerApp/Info.plist;
				INFOPLIST_KEY_UIApplicationSupportsIndirectInputEvents = YES;
				INFOPLIST_KEY_UILaunchStoryboardName = LaunchScreen;
				INFOPLIST_KEY_UIMainStoryboardFile = Main;
				INFOPLIST_KEY_UISupportedInterfaceOrientations_iPad = "UIInterfaceOrientationPortrait UIInterfaceOrientationPortraitUpsideDown UIInterfaceOrientationLandscapeLeft UIInterfaceOrientationLandscapeRight";
				INFOPLIST_KEY_UISupportedInterfaceOrientations_iPhone = "UIInterfaceOrientationPortrait UIInterfaceOrientationLandscapeLeft UIInterfaceOrientationLandscapeRight";
				LD_RUNPATH_SEARCH_PATHS = (
					"$(inherited)",
					"@executable_path/Frameworks",
				);
				MARKETING_VERSION = 1.0;
				PRODUCT_BUNDLE_IDENTIFIER = com.zeyneppsevgi.FilmlerApp;
				PRODUCT_NAME = "$(TARGET_NAME)";
				SWIFT_EMIT_LOC_STRINGS = YES;
				SWIFT_OBJC_BRIDGING_HEADER = "FilmlerApp/FilmlerApp-Bridging-Header.h";
				SWIFT_OPTIMIZATION_LEVEL = "-Onone";
				SWIFT_VERSION = 5.0;
				TARGETED_DEVICE_FAMILY = "1,2";
			};
			name = Debug;
		};
		70A5D4CC2AEBC7E800B8A852 /* Release */ = {
			isa = XCBuildConfiguration;
			buildSettings = {
				ASSETCATALOG_COMPILER_APPICON_NAME = AppIcon;
				ASSETCATALOG_COMPILER_GLOBAL_ACCENT_COLOR_NAME = AccentColor;
				CLANG_ENABLE_MODULES = YES;
				CODE_SIGN_STYLE = Automatic;
				CURRENT_PROJECT_VERSION = 1;
				DEVELOPMENT_TEAM = 5GVJ758853;
				GENERATE_INFOPLIST_FILE = YES;
				INFOPLIST_FILE = FilmlerApp/Info.plist;
				INFOPLIST_KEY_UIApplicationSupportsIndirectInputEvents = YES;
				INFOPLIST_KEY_UILaunchStoryboardName = LaunchScreen;
				INFOPLIST_KEY_UIMainStoryboardFile = Main;
				INFOPLIST_KEY_UISupportedInterfaceOrientations_iPad = "UIInterfaceOrientationPortrait UIInterfaceOrientationPortraitUpsideDown UIInterfaceOrientationLandscapeLeft UIInterfaceOrientationLandscapeRight";
				INFOPLIST_KEY_UISupportedInterfaceOrientations_iPhone = "UIInterfaceOrientationPortrait UIInterfaceOrientationLandscapeLeft UIInterfaceOrientationLandscapeRight";
				LD_RUNPATH_SEARCH_PATHS = (
					"$(inherited)",
					"@executable_path/Frameworks",
				);
				MARKETING_VERSION = 1.0;
				PRODUCT_BUNDLE_IDENTIFIER = com.zeyneppsevgi.FilmlerApp;
				PRODUCT_NAME = "$(TARGET_NAME)";
				SWIFT_EMIT_LOC_STRINGS = YES;
				SWIFT_OBJC_BRIDGING_HEADER = "FilmlerApp/FilmlerApp-Bridging-Header.h";
				SWIFT_VERSION = 5.0;
				TARGETED_DEVICE_FAMILY = "1,2";
			};
			name = Release;
		};
/* End XCBuildConfiguration section */

/* Begin XCConfigurationList section */
		70A5D4B12AEBC7E600B8A852 /* Build configuration list for PBXProject "FilmlerApp" */ = {
			isa = XCConfigurationList;
			buildConfigurations = (
				70A5D4C82AEBC7E800B8A852 /* Debug */,
				70A5D4C92AEBC7E800B8A852 /* Release */,
			);
			defaultConfigurationIsVisible = 0;
			defaultConfigurationName = Release;
		};
		70A5D4CA2AEBC7E800B8A852 /* Build configuration list for PBXNativeTarget "FilmlerApp" */ = {
			isa = XCConfigurationList;
			buildConfigurations = (
				70A5D4CB2AEBC7E800B8A852 /* Debug */,
				70A5D4CC2AEBC7E800B8A852 /* Release */,
			);
			defaultConfigurationIsVisible = 0;
			defaultConfigurationName = Release;
		};
/* End XCConfigurationList section */

/* Begin XCRemoteSwiftPackageReference section */
		70AF29852AF7849400FF9806 /* XCRemoteSwiftPackageReference "RxSwift" */ = {
			isa = XCRemoteSwiftPackageReference;
			repositoryURL = "https://github.com/ReactiveX/RxSwift.git";
			requirement = {
				kind = upToNextMajorVersion;
				minimumVersion = 6.0.0;
			};
		};
/* End XCRemoteSwiftPackageReference section */

/* Begin XCSwiftPackageProductDependency section */
		70AF29862AF7849400FF9806 /* RxSwift */ = {
			isa = XCSwiftPackageProductDependency;
			package = 70AF29852AF7849400FF9806 /* XCRemoteSwiftPackageReference "RxSwift" */;
			productName = RxSwift;
		};
/* End XCSwiftPackageProductDependency section */
	};
	rootObject = 70A5D4AE2AEBC7E600B8A852 /* Project object */;
}
